
Microsoft Visual Studio Solution File, Format Version 12.00
# Visual Studio Version 16
VisualStudioVersion = 16.0.29421.154
MinimumVisualStudioVersion = 10.0.40219.1
Project("{2150E333-8FDC-42A3-9474-1A3956D46DE8}") = "src", "src", "{A2A7479C-772D-4E7D-A32C-7C84D6DF500C}"
	ProjectSection(SolutionItems) = preProject
		src\Directory.Build.props = src\Directory.Build.props
	EndProjectSection
EndProject
Project("{2150E333-8FDC-42A3-9474-1A3956D46DE8}") = "tests", "tests", "{42267E9E-0BA9-4713-822F-19482AE1FF60}"
EndProject
Project("{2150E333-8FDC-42A3-9474-1A3956D46DE8}") = "samples", "samples", "{44695613-30F8-4FB7-9586-B0BD127D337B}"
EndProject
Project("{9A19103F-16F7-4668-BE54-9A1E7A4F7556}") = "Eff.Core", "src\Eff.Core\Eff.Core.csproj", "{5AA6CB90-B978-4F62-87EF-6165CF9471E7}"
EndProject
Project("{9A19103F-16F7-4668-BE54-9A1E7A4F7556}") = "Eff.Tests", "tests\Eff.Tests\Eff.Tests.csproj", "{E6858454-56BA-46D2-85B5-220B1248D6FA}"
EndProject
Project("{9A19103F-16F7-4668-BE54-9A1E7A4F7556}") = "Eff.Examples.CancellationToken", "samples\Eff.Examples.CancellationToken\Eff.Examples.CancellationToken.csproj", "{AFC2490D-411B-4180-A106-06A065E9C598}"
EndProject
Project("{9A19103F-16F7-4668-BE54-9A1E7A4F7556}") = "Eff.Examples.Config", "samples\Eff.Examples.Config\Eff.Examples.Config.csproj", "{94290788-BAD2-4116-A6E3-A7948FFE4CAF}"
EndProject
Project("{9A19103F-16F7-4668-BE54-9A1E7A4F7556}") = "Eff.Examples.Console", "samples\Eff.Examples.Console\Eff.Examples.Console.csproj", "{C76CB139-2202-4B9D-B7D5-A27B451104DD}"
EndProject
Project("{9A19103F-16F7-4668-BE54-9A1E7A4F7556}") = "Eff.Examples.NonDeterminism", "samples\Eff.Examples.NonDeterminism\Eff.Examples.NonDeterminism.csproj", "{46565542-BC44-4E03-8EC2-4D820F4FEBB1}"
EndProject
Project("{9A19103F-16F7-4668-BE54-9A1E7A4F7556}") = "Eff.Examples.RecordReplay", "samples\Eff.Examples.RecordReplay\Eff.Examples.RecordReplay.csproj", "{BD80269F-B3C9-4FFA-86C5-C306E813FC4E}"
EndProject
Project("{9A19103F-16F7-4668-BE54-9A1E7A4F7556}") = "Eff.Examples.StackTrace", "samples\Eff.Examples.StackTrace\Eff.Examples.StackTrace.csproj", "{9954D857-2E41-442D-B7F9-1471FA82D96C}"
EndProject
Project("{9A19103F-16F7-4668-BE54-9A1E7A4F7556}") = "Eff.Examples.TraceLog", "samples\Eff.Examples.TraceLog\Eff.Examples.TraceLog.csproj", "{1684FBF6-A493-436D-A974-BDA80CD7F4F1}"
EndProject
Project("{9A19103F-16F7-4668-BE54-9A1E7A4F7556}") = "Eff.Examples.DependencyInjection", "samples\Eff.Examples.DependencyInjection\Eff.Examples.DependencyInjection.csproj", "{060E7251-22B8-4151-86AB-8BEFC316F257}"
EndProject
Project("{9A19103F-16F7-4668-BE54-9A1E7A4F7556}") = "Eff.Benchmarks", "tests\Eff.Benchmarks\Eff.Benchmarks.csproj", "{D13876A1-FAA0-4462-97CD-6B3A5C9999A7}"
EndProject
Project("{2150E333-8FDC-42A3-9474-1A3956D46DE8}") = "Solution Items", "Solution Items", "{7CCD707D-9CDB-4059-8B0F-48C30ED2D16C}"
	ProjectSection(SolutionItems) = preProject
		.dockerignore = .dockerignore
		.gitattributes = .gitattributes
		.gitignore = .gitignore
		Directory.Build.props = Directory.Build.props
		Dockerfile = Dockerfile
		LICENSE = LICENSE
		README.md = README.md
	EndProjectSection
EndProject
Global
	GlobalSection(SolutionConfigurationPlatforms) = preSolution
		Debug|Any CPU = Debug|Any CPU
		Release|Any CPU = Release|Any CPU
	EndGlobalSection
	GlobalSection(ProjectConfigurationPlatforms) = postSolution
		{5AA6CB90-B978-4F62-87EF-6165CF9471E7}.Debug|Any CPU.ActiveCfg = Debug|Any CPU
		{5AA6CB90-B978-4F62-87EF-6165CF9471E7}.Debug|Any CPU.Build.0 = Debug|Any CPU
		{5AA6CB90-B978-4F62-87EF-6165CF9471E7}.Release|Any CPU.ActiveCfg = Release|Any CPU
		{5AA6CB90-B978-4F62-87EF-6165CF9471E7}.Release|Any CPU.Build.0 = Release|Any CPU
		{E6858454-56BA-46D2-85B5-220B1248D6FA}.Debug|Any CPU.ActiveCfg = Debug|Any CPU
		{E6858454-56BA-46D2-85B5-220B1248D6FA}.Debug|Any CPU.Build.0 = Debug|Any CPU
		{E6858454-56BA-46D2-85B5-220B1248D6FA}.Release|Any CPU.ActiveCfg = Release|Any CPU
		{E6858454-56BA-46D2-85B5-220B1248D6FA}.Release|Any CPU.Build.0 = Release|Any CPU
		{AFC2490D-411B-4180-A106-06A065E9C598}.Debug|Any CPU.ActiveCfg = Debug|Any CPU
		{AFC2490D-411B-4180-A106-06A065E9C598}.Debug|Any CPU.Build.0 = Debug|Any CPU
		{AFC2490D-411B-4180-A106-06A065E9C598}.Release|Any CPU.ActiveCfg = Release|Any CPU
		{AFC2490D-411B-4180-A106-06A065E9C598}.Release|Any CPU.Build.0 = Release|Any CPU
		{94290788-BAD2-4116-A6E3-A7948FFE4CAF}.Debug|Any CPU.ActiveCfg = Debug|Any CPU
		{94290788-BAD2-4116-A6E3-A7948FFE4CAF}.Debug|Any CPU.Build.0 = Debug|Any CPU
		{94290788-BAD2-4116-A6E3-A7948FFE4CAF}.Release|Any CPU.ActiveCfg = Release|Any CPU
		{94290788-BAD2-4116-A6E3-A7948FFE4CAF}.Release|Any CPU.Build.0 = Release|Any CPU
		{C76CB139-2202-4B9D-B7D5-A27B451104DD}.Debug|Any CPU.ActiveCfg = Debug|Any CPU
		{C76CB139-2202-4B9D-B7D5-A27B451104DD}.Debug|Any CPU.Build.0 = Debug|Any CPU
		{C76CB139-2202-4B9D-B7D5-A27B451104DD}.Release|Any CPU.ActiveCfg = Release|Any CPU
		{C76CB139-2202-4B9D-B7D5-A27B451104DD}.Release|Any CPU.Build.0 = Release|Any CPU
		{46565542-BC44-4E03-8EC2-4D820F4FEBB1}.Debug|Any CPU.ActiveCfg = Debug|Any CPU
		{46565542-BC44-4E03-8EC2-4D820F4FEBB1}.Debug|Any CPU.Build.0 = Debug|Any CPU
		{46565542-BC44-4E03-8EC2-4D820F4FEBB1}.Release|Any CPU.ActiveCfg = Release|Any CPU
		{46565542-BC44-4E03-8EC2-4D820F4FEBB1}.Release|Any CPU.Build.0 = Release|Any CPU
		{BD80269F-B3C9-4FFA-86C5-C306E813FC4E}.Debug|Any CPU.ActiveCfg = Debug|Any CPU
		{BD80269F-B3C9-4FFA-86C5-C306E813FC4E}.Debug|Any CPU.Build.0 = Debug|Any CPU
		{BD80269F-B3C9-4FFA-86C5-C306E813FC4E}.Release|Any CPU.ActiveCfg = Release|Any CPU
		{BD80269F-B3C9-4FFA-86C5-C306E813FC4E}.Release|Any CPU.Build.0 = Release|Any CPU
		{9954D857-2E41-442D-B7F9-1471FA82D96C}.Debug|Any CPU.ActiveCfg = Debug|Any CPU
		{9954D857-2E41-442D-B7F9-1471FA82D96C}.Debug|Any CPU.Build.0 = Debug|Any CPU
		{9954D857-2E41-442D-B7F9-1471FA82D96C}.Release|Any CPU.ActiveCfg = Release|Any CPU
		{9954D857-2E41-442D-B7F9-1471FA82D96C}.Release|Any CPU.Build.0 = Release|Any CPU
		{1684FBF6-A493-436D-A974-BDA80CD7F4F1}.Debug|Any CPU.ActiveCfg = Debug|Any CPU
		{1684FBF6-A493-436D-A974-BDA80CD7F4F1}.Debug|Any CPU.Build.0 = Debug|Any CPU
		{1684FBF6-A493-436D-A974-BDA80CD7F4F1}.Release|Any CPU.ActiveCfg = Release|Any CPU
		{1684FBF6-A493-436D-A974-BDA80CD7F4F1}.Release|Any CPU.Build.0 = Release|Any CPU
		{060E7251-22B8-4151-86AB-8BEFC316F257}.Debug|Any CPU.ActiveCfg = Debug|Any CPU
		{060E7251-22B8-4151-86AB-8BEFC316F257}.Debug|Any CPU.Build.0 = Debug|Any CPU
		{060E7251-22B8-4151-86AB-8BEFC316F257}.Release|Any CPU.ActiveCfg = Release|Any CPU
		{060E7251-22B8-4151-86AB-8BEFC316F257}.Release|Any CPU.Build.0 = Release|Any CPU
		{D13876A1-FAA0-4462-97CD-6B3A5C9999A7}.Debug|Any CPU.ActiveCfg = Debug|Any CPU
		{D13876A1-FAA0-4462-97CD-6B3A5C9999A7}.Debug|Any CPU.Build.0 = Debug|Any CPU
		{D13876A1-FAA0-4462-97CD-6B3A5C9999A7}.Release|Any CPU.ActiveCfg = Release|Any CPU
		{D13876A1-FAA0-4462-97CD-6B3A5C9999A7}.Release|Any CPU.Build.0 = Release|Any CPU
	EndGlobalSection
	GlobalSection(SolutionProperties) = preSolution
		HideSolutionNode = FALSE
	EndGlobalSection
	GlobalSection(NestedProjects) = preSolution
		{5AA6CB90-B978-4F62-87EF-6165CF9471E7} = {A2A7479C-772D-4E7D-A32C-7C84D6DF500C}
		{E6858454-56BA-46D2-85B5-220B1248D6FA} = {42267E9E-0BA9-4713-822F-19482AE1FF60}
		{AFC2490D-411B-4180-A106-06A065E9C598} = {44695613-30F8-4FB7-9586-B0BD127D337B}
		{94290788-BAD2-4116-A6E3-A7948FFE4CAF} = {44695613-30F8-4FB7-9586-B0BD127D337B}
		{C76CB139-2202-4B9D-B7D5-A27B451104DD} = {44695613-30F8-4FB7-9586-B0BD127D337B}
		{46565542-BC44-4E03-8EC2-4D820F4FEBB1} = {44695613-30F8-4FB7-9586-B0BD127D337B}
		{BD80269F-B3C9-4FFA-86C5-C306E813FC4E} = {44695613-30F8-4FB7-9586-B0BD127D337B}
		{9954D857-2E41-442D-B7F9-1471FA82D96C} = {44695613-30F8-4FB7-9586-B0BD127D337B}
		{1684FBF6-A493-436D-A974-BDA80CD7F4F1} = {44695613-30F8-4FB7-9586-B0BD127D337B}
		{060E7251-22B8-4151-86AB-8BEFC316F257} = {44695613-30F8-4FB7-9586-B0BD127D337B}
		{D13876A1-FAA0-4462-97CD-6B3A5C9999A7} = {42267E9E-0BA9-4713-822F-19482AE1FF60}
	EndGlobalSection
	GlobalSection(ExtensibilityGlobals) = postSolution
		SolutionGuid = {9592188A-5C47-498C-B4A9-28A6AAE887ED}
	EndGlobalSection
EndGlobal
