
Microsoft Visual Studio Solution File, Format Version 12.00
# Visual Studio 15
VisualStudioVersion = 15.0.27130.2036
MinimumVisualStudioVersion = 10.0.40219.1
Project("{2150E333-8FDC-42A3-9474-1A3956D46DE8}") = "examples", "examples", "{5AEC4D76-A776-48B1-919C-DCDEA0E7B610}"
EndProject
Project("{FAE04EC0-301F-11D3-BF4B-00C04F79EFBC}") = "Eff.Core", "Eff.Core\Eff.Core.csproj", "{0F6220EF-47D4-4C5F-BDD0-8720E3D2185F}"
EndProject
Project("{FAE04EC0-301F-11D3-BF4B-00C04F79EFBC}") = "Eff.Web.Demo", "Eff.Web.Demo\Eff.Web.Demo.csproj", "{14BF2655-56CD-4E4F-B514-0872B84B4238}"
EndProject
Project("{FAE04EC0-301F-11D3-BF4B-00C04F79EFBC}") = "Eff.Tests", "Eff.Tests\Eff.Tests.csproj", "{E903BA93-7B71-4D5B-B8D3-6324D11A712D}"
EndProject
Project("{FAE04EC0-301F-11D3-BF4B-00C04F79EFBC}") = "Eff.Examples.CancellationToken", "Eff.Examples.CancellationToken\Eff.Examples.CancellationToken.csproj", "{5B7F3D27-438C-4283-B2A7-E39F4F42E582}"
EndProject
Project("{FAE04EC0-301F-11D3-BF4B-00C04F79EFBC}") = "Eff.Examples.Console", "Eff.Examples.Console\Eff.Examples.Console.csproj", "{12FF78A5-251E-4400-96B3-797168C482CA}"
EndProject
Project("{FAE04EC0-301F-11D3-BF4B-00C04F79EFBC}") = "Eff.Examples.NonDeterminism", "Eff.Examples.NonDeterminism\Eff.Examples.NonDeterminism.csproj", "{5B216EB7-DCC1-432D-ADD0-AFFD9ED64C3E}"
EndProject
Project("{FAE04EC0-301F-11D3-BF4B-00C04F79EFBC}") = "Eff.Examples.RecordReplay", "Eff.Examples.RecordReplay\Eff.Examples.RecordReplay.csproj", "{B9C3DD58-D417-468C-9F15-DB4C6E1B4E20}"
EndProject
Project("{FAE04EC0-301F-11D3-BF4B-00C04F79EFBC}") = "Eff.Examples.StackTrace", "Eff.Examples.StackTrace\Eff.Examples.StackTrace.csproj", "{FFD993B8-03CC-4A64-8763-9BD91108BCE7}"
EndProject
Project("{FAE04EC0-301F-11D3-BF4B-00C04F79EFBC}") = "Eff.Examples.TraceLog", "Eff.Examples.TraceLog\Eff.Examples.TraceLog.csproj", "{BBBD51B5-96B4-4501-846A-393150725D3A}"
EndProject
Global
	GlobalSection(SolutionConfigurationPlatforms) = preSolution
		Debug|Any CPU = Debug|Any CPU
		Release|Any CPU = Release|Any CPU
	EndGlobalSection
	GlobalSection(ProjectConfigurationPlatforms) = postSolution
		{0F6220EF-47D4-4C5F-BDD0-8720E3D2185F}.Debug|Any CPU.ActiveCfg = Debug|Any CPU
		{0F6220EF-47D4-4C5F-BDD0-8720E3D2185F}.Debug|Any CPU.Build.0 = Debug|Any CPU
		{0F6220EF-47D4-4C5F-BDD0-8720E3D2185F}.Release|Any CPU.ActiveCfg = Release|Any CPU
		{0F6220EF-47D4-4C5F-BDD0-8720E3D2185F}.Release|Any CPU.Build.0 = Release|Any CPU
		{14BF2655-56CD-4E4F-B514-0872B84B4238}.Debug|Any CPU.ActiveCfg = Debug|Any CPU
		{14BF2655-56CD-4E4F-B514-0872B84B4238}.Debug|Any CPU.Build.0 = Debug|Any CPU
		{14BF2655-56CD-4E4F-B514-0872B84B4238}.Release|Any CPU.ActiveCfg = Release|Any CPU
		{14BF2655-56CD-4E4F-B514-0872B84B4238}.Release|Any CPU.Build.0 = Release|Any CPU
		{E903BA93-7B71-4D5B-B8D3-6324D11A712D}.Debug|Any CPU.ActiveCfg = Debug|Any CPU
		{E903BA93-7B71-4D5B-B8D3-6324D11A712D}.Debug|Any CPU.Build.0 = Debug|Any CPU
		{E903BA93-7B71-4D5B-B8D3-6324D11A712D}.Release|Any CPU.ActiveCfg = Release|Any CPU
		{E903BA93-7B71-4D5B-B8D3-6324D11A712D}.Release|Any CPU.Build.0 = Release|Any CPU
		{5B7F3D27-438C-4283-B2A7-E39F4F42E582}.Debug|Any CPU.ActiveCfg = Debug|Any CPU
		{5B7F3D27-438C-4283-B2A7-E39F4F42E582}.Debug|Any CPU.Build.0 = Debug|Any CPU
		{5B7F3D27-438C-4283-B2A7-E39F4F42E582}.Release|Any CPU.ActiveCfg = Release|Any CPU
		{5B7F3D27-438C-4283-B2A7-E39F4F42E582}.Release|Any CPU.Build.0 = Release|Any CPU
		{12FF78A5-251E-4400-96B3-797168C482CA}.Debug|Any CPU.ActiveCfg = Debug|Any CPU
		{12FF78A5-251E-4400-96B3-797168C482CA}.Debug|Any CPU.Build.0 = Debug|Any CPU
		{12FF78A5-251E-4400-96B3-797168C482CA}.Release|Any CPU.ActiveCfg = Release|Any CPU
		{12FF78A5-251E-4400-96B3-797168C482CA}.Release|Any CPU.Build.0 = Release|Any CPU
		{5B216EB7-DCC1-432D-ADD0-AFFD9ED64C3E}.Debug|Any CPU.ActiveCfg = Debug|Any CPU
		{5B216EB7-DCC1-432D-ADD0-AFFD9ED64C3E}.Debug|Any CPU.Build.0 = Debug|Any CPU
		{5B216EB7-DCC1-432D-ADD0-AFFD9ED64C3E}.Release|Any CPU.ActiveCfg = Release|Any CPU
		{5B216EB7-DCC1-432D-ADD0-AFFD9ED64C3E}.Release|Any CPU.Build.0 = Release|Any CPU
		{B9C3DD58-D417-468C-9F15-DB4C6E1B4E20}.Debug|Any CPU.ActiveCfg = Debug|Any CPU
		{B9C3DD58-D417-468C-9F15-DB4C6E1B4E20}.Debug|Any CPU.Build.0 = Debug|Any CPU
		{B9C3DD58-D417-468C-9F15-DB4C6E1B4E20}.Release|Any CPU.ActiveCfg = Release|Any CPU
		{B9C3DD58-D417-468C-9F15-DB4C6E1B4E20}.Release|Any CPU.Build.0 = Release|Any CPU
		{FFD993B8-03CC-4A64-8763-9BD91108BCE7}.Debug|Any CPU.ActiveCfg = Debug|Any CPU
		{FFD993B8-03CC-4A64-8763-9BD91108BCE7}.Debug|Any CPU.Build.0 = Debug|Any CPU
		{FFD993B8-03CC-4A64-8763-9BD91108BCE7}.Release|Any CPU.ActiveCfg = Release|Any CPU
		{FFD993B8-03CC-4A64-8763-9BD91108BCE7}.Release|Any CPU.Build.0 = Release|Any CPU
		{BBBD51B5-96B4-4501-846A-393150725D3A}.Debug|Any CPU.ActiveCfg = Debug|Any CPU
		{BBBD51B5-96B4-4501-846A-393150725D3A}.Debug|Any CPU.Build.0 = Debug|Any CPU
		{BBBD51B5-96B4-4501-846A-393150725D3A}.Release|Any CPU.ActiveCfg = Release|Any CPU
		{BBBD51B5-96B4-4501-846A-393150725D3A}.Release|Any CPU.Build.0 = Release|Any CPU
	EndGlobalSection
	GlobalSection(SolutionProperties) = preSolution
		HideSolutionNode = FALSE
	EndGlobalSection
	GlobalSection(NestedProjects) = preSolution
		{5B7F3D27-438C-4283-B2A7-E39F4F42E582} = {5AEC4D76-A776-48B1-919C-DCDEA0E7B610}
		{12FF78A5-251E-4400-96B3-797168C482CA} = {5AEC4D76-A776-48B1-919C-DCDEA0E7B610}
		{5B216EB7-DCC1-432D-ADD0-AFFD9ED64C3E} = {5AEC4D76-A776-48B1-919C-DCDEA0E7B610}
		{B9C3DD58-D417-468C-9F15-DB4C6E1B4E20} = {5AEC4D76-A776-48B1-919C-DCDEA0E7B610}
		{FFD993B8-03CC-4A64-8763-9BD91108BCE7} = {5AEC4D76-A776-48B1-919C-DCDEA0E7B610}
		{BBBD51B5-96B4-4501-846A-393150725D3A} = {5AEC4D76-A776-48B1-919C-DCDEA0E7B610}
	EndGlobalSection
	GlobalSection(ExtensibilityGlobals) = postSolution
		SolutionGuid = {9592188A-5C47-498C-B4A9-28A6AAE887ED}
	EndGlobalSection
EndGlobal
