
Microsoft Visual Studio Solution File, Format Version 12.00
# Visual Studio 15
VisualStudioVersion = 15.0.27130.2010
MinimumVisualStudioVersion = 10.0.40219.1
Project("{2150E333-8FDC-42A3-9474-1A3956D46DE8}") = "examples", "examples", "{5AEC4D76-A776-48B1-919C-DCDEA0E7B610}"
EndProject
Project("{FAE04EC0-301F-11D3-BF4B-00C04F79EFBC}") = "Eff.Core", "Eff.Core\Eff.Core.csproj", "{75AADAAD-40D3-40B4-BF50-52693FD6E807}"
EndProject
Project("{FAE04EC0-301F-11D3-BF4B-00C04F79EFBC}") = "Eff.Tests", "Eff.Tests\Eff.Tests.csproj", "{B1DD8CE8-B204-4E3C-B7C1-A26D134934B2}"
EndProject
Project("{FAE04EC0-301F-11D3-BF4B-00C04F79EFBC}") = "Eff.Examples.CancellationToken", "examples\Eff.Examples.CancellationToken\Eff.Examples.CancellationToken.csproj", "{2B74809C-DD45-4459-A216-EAE56F522C7E}"
EndProject
Project("{FAE04EC0-301F-11D3-BF4B-00C04F79EFBC}") = "Eff.Examples.Config", "examples\Eff.Examples.Config\Eff.Examples.Config.csproj", "{8982B543-5B65-4AE3-A537-2D87849D4E29}"
EndProject
Project("{FAE04EC0-301F-11D3-BF4B-00C04F79EFBC}") = "Eff.Examples.Console", "examples\Eff.Examples.Console\Eff.Examples.Console.csproj", "{F2561CEC-C2BA-4BED-B66F-7362E2A5FFEB}"
EndProject
Project("{FAE04EC0-301F-11D3-BF4B-00C04F79EFBC}") = "Eff.Examples.NonDeterminism", "examples\Eff.Examples.NonDeterminism\Eff.Examples.NonDeterminism.csproj", "{896243C3-93C4-4224-A812-DC14EA6E269C}"
EndProject
Project("{FAE04EC0-301F-11D3-BF4B-00C04F79EFBC}") = "Eff.Examples.RecordReplay", "examples\Eff.Examples.RecordReplay\Eff.Examples.RecordReplay.csproj", "{7C98FED0-20D0-4ABC-A87C-48DE2434AC27}"
EndProject
Project("{FAE04EC0-301F-11D3-BF4B-00C04F79EFBC}") = "Eff.Examples.StackTrace", "examples\Eff.Examples.StackTrace\Eff.Examples.StackTrace.csproj", "{7C842765-82D6-47C3-BBC5-AF15C0B4D2BF}"
EndProject
Project("{FAE04EC0-301F-11D3-BF4B-00C04F79EFBC}") = "Eff.Examples.TraceLog", "examples\Eff.Examples.TraceLog\Eff.Examples.TraceLog.csproj", "{E09B2D96-BC60-49EB-A193-6E5D6AC925D7}"
EndProject
Global
	GlobalSection(SolutionConfigurationPlatforms) = preSolution
		Debug|Any CPU = Debug|Any CPU
		Release|Any CPU = Release|Any CPU
	EndGlobalSection
	GlobalSection(ProjectConfigurationPlatforms) = postSolution
		{75AADAAD-40D3-40B4-BF50-52693FD6E807}.Debug|Any CPU.ActiveCfg = Debug|Any CPU
		{75AADAAD-40D3-40B4-BF50-52693FD6E807}.Debug|Any CPU.Build.0 = Debug|Any CPU
		{75AADAAD-40D3-40B4-BF50-52693FD6E807}.Release|Any CPU.ActiveCfg = Release|Any CPU
		{75AADAAD-40D3-40B4-BF50-52693FD6E807}.Release|Any CPU.Build.0 = Release|Any CPU
		{B1DD8CE8-B204-4E3C-B7C1-A26D134934B2}.Debug|Any CPU.ActiveCfg = Debug|Any CPU
		{B1DD8CE8-B204-4E3C-B7C1-A26D134934B2}.Debug|Any CPU.Build.0 = Debug|Any CPU
		{B1DD8CE8-B204-4E3C-B7C1-A26D134934B2}.Release|Any CPU.ActiveCfg = Release|Any CPU
		{B1DD8CE8-B204-4E3C-B7C1-A26D134934B2}.Release|Any CPU.Build.0 = Release|Any CPU
		{2B74809C-DD45-4459-A216-EAE56F522C7E}.Debug|Any CPU.ActiveCfg = Debug|Any CPU
		{2B74809C-DD45-4459-A216-EAE56F522C7E}.Debug|Any CPU.Build.0 = Debug|Any CPU
		{2B74809C-DD45-4459-A216-EAE56F522C7E}.Release|Any CPU.ActiveCfg = Release|Any CPU
		{2B74809C-DD45-4459-A216-EAE56F522C7E}.Release|Any CPU.Build.0 = Release|Any CPU
		{8982B543-5B65-4AE3-A537-2D87849D4E29}.Debug|Any CPU.ActiveCfg = Debug|Any CPU
		{8982B543-5B65-4AE3-A537-2D87849D4E29}.Debug|Any CPU.Build.0 = Debug|Any CPU
		{8982B543-5B65-4AE3-A537-2D87849D4E29}.Release|Any CPU.ActiveCfg = Release|Any CPU
		{8982B543-5B65-4AE3-A537-2D87849D4E29}.Release|Any CPU.Build.0 = Release|Any CPU
		{F2561CEC-C2BA-4BED-B66F-7362E2A5FFEB}.Debug|Any CPU.ActiveCfg = Debug|Any CPU
		{F2561CEC-C2BA-4BED-B66F-7362E2A5FFEB}.Debug|Any CPU.Build.0 = Debug|Any CPU
		{F2561CEC-C2BA-4BED-B66F-7362E2A5FFEB}.Release|Any CPU.ActiveCfg = Release|Any CPU
		{F2561CEC-C2BA-4BED-B66F-7362E2A5FFEB}.Release|Any CPU.Build.0 = Release|Any CPU
		{896243C3-93C4-4224-A812-DC14EA6E269C}.Debug|Any CPU.ActiveCfg = Debug|Any CPU
		{896243C3-93C4-4224-A812-DC14EA6E269C}.Debug|Any CPU.Build.0 = Debug|Any CPU
		{896243C3-93C4-4224-A812-DC14EA6E269C}.Release|Any CPU.ActiveCfg = Release|Any CPU
		{896243C3-93C4-4224-A812-DC14EA6E269C}.Release|Any CPU.Build.0 = Release|Any CPU
		{7C98FED0-20D0-4ABC-A87C-48DE2434AC27}.Debug|Any CPU.ActiveCfg = Debug|Any CPU
		{7C98FED0-20D0-4ABC-A87C-48DE2434AC27}.Debug|Any CPU.Build.0 = Debug|Any CPU
		{7C98FED0-20D0-4ABC-A87C-48DE2434AC27}.Release|Any CPU.ActiveCfg = Release|Any CPU
		{7C98FED0-20D0-4ABC-A87C-48DE2434AC27}.Release|Any CPU.Build.0 = Release|Any CPU
		{7C842765-82D6-47C3-BBC5-AF15C0B4D2BF}.Debug|Any CPU.ActiveCfg = Debug|Any CPU
		{7C842765-82D6-47C3-BBC5-AF15C0B4D2BF}.Debug|Any CPU.Build.0 = Debug|Any CPU
		{7C842765-82D6-47C3-BBC5-AF15C0B4D2BF}.Release|Any CPU.ActiveCfg = Release|Any CPU
		{7C842765-82D6-47C3-BBC5-AF15C0B4D2BF}.Release|Any CPU.Build.0 = Release|Any CPU
		{E09B2D96-BC60-49EB-A193-6E5D6AC925D7}.Debug|Any CPU.ActiveCfg = Debug|Any CPU
		{E09B2D96-BC60-49EB-A193-6E5D6AC925D7}.Debug|Any CPU.Build.0 = Debug|Any CPU
		{E09B2D96-BC60-49EB-A193-6E5D6AC925D7}.Release|Any CPU.ActiveCfg = Release|Any CPU
		{E09B2D96-BC60-49EB-A193-6E5D6AC925D7}.Release|Any CPU.Build.0 = Release|Any CPU
	EndGlobalSection
	GlobalSection(SolutionProperties) = preSolution
		HideSolutionNode = FALSE
	EndGlobalSection
	GlobalSection(NestedProjects) = preSolution
		{2B74809C-DD45-4459-A216-EAE56F522C7E} = {5AEC4D76-A776-48B1-919C-DCDEA0E7B610}
		{8982B543-5B65-4AE3-A537-2D87849D4E29} = {5AEC4D76-A776-48B1-919C-DCDEA0E7B610}
		{F2561CEC-C2BA-4BED-B66F-7362E2A5FFEB} = {5AEC4D76-A776-48B1-919C-DCDEA0E7B610}
		{896243C3-93C4-4224-A812-DC14EA6E269C} = {5AEC4D76-A776-48B1-919C-DCDEA0E7B610}
		{7C98FED0-20D0-4ABC-A87C-48DE2434AC27} = {5AEC4D76-A776-48B1-919C-DCDEA0E7B610}
		{7C842765-82D6-47C3-BBC5-AF15C0B4D2BF} = {5AEC4D76-A776-48B1-919C-DCDEA0E7B610}
		{E09B2D96-BC60-49EB-A193-6E5D6AC925D7} = {5AEC4D76-A776-48B1-919C-DCDEA0E7B610}
	EndGlobalSection
	GlobalSection(ExtensibilityGlobals) = postSolution
		SolutionGuid = {9592188A-5C47-498C-B4A9-28A6AAE887ED}
	EndGlobalSection
EndGlobal
